
Microsoft Visual Studio Solution File, Format Version 12.00
# Visual Studio Version 16
VisualStudioVersion = 16.0.29905.134
MinimumVisualStudioVersion = 10.0.40219.1
Project("{8BC9CEB8-8B4A-11D0-8D11-00A0C91BC942}") = "EDD_Proyecto1", "EDD_Proyecto1.vcxproj", "{4DF24D5A-2DE1-4078-8FEA-D0AB3178BE0B}"
EndProject
Global
	GlobalSection(SolutionConfigurationPlatforms) = preSolution
		Debug|x64 = Debug|x64
		Debug|x86 = Debug|x86
		Release|x64 = Release|x64
		Release|x86 = Release|x86
	EndGlobalSection
	GlobalSection(ProjectConfigurationPlatforms) = postSolution
		{4DF24D5A-2DE1-4078-8FEA-D0AB3178BE0B}.Debug|x64.ActiveCfg = Debug|x64
		{4DF24D5A-2DE1-4078-8FEA-D0AB3178BE0B}.Debug|x64.Build.0 = Debug|x64
		{4DF24D5A-2DE1-4078-8FEA-D0AB3178BE0B}.Debug|x86.ActiveCfg = Debug|Win32
		{4DF24D5A-2DE1-4078-8FEA-D0AB3178BE0B}.Debug|x86.Build.0 = Debug|Win32
		{4DF24D5A-2DE1-4078-8FEA-D0AB3178BE0B}.Release|x64.ActiveCfg = Release|x64
		{4DF24D5A-2DE1-4078-8FEA-D0AB3178BE0B}.Release|x64.Build.0 = Release|x64
		{4DF24D5A-2DE1-4078-8FEA-D0AB3178BE0B}.Release|x86.ActiveCfg = Release|Win32
		{4DF24D5A-2DE1-4078-8FEA-D0AB3178BE0B}.Release|x86.Build.0 = Release|Win32
	EndGlobalSection
	GlobalSection(SolutionProperties) = preSolution
		HideSolutionNode = FALSE
	EndGlobalSection
	GlobalSection(ExtensibilityGlobals) = postSolution
		SolutionGuid = {ABAC543F-97F7-4C53-805F-B257E07838AE}
	EndGlobalSection
EndGlobal
