<?xml version="1.0" encoding="utf-8"?>
<Project ToolsVersion="4.0" xmlns="http://schemas.microsoft.com/developer/msbuild/2003">
  <ItemGroup>
    <Filter Include="Archivos de origen">
      <UniqueIdentifier>{4FC737F1-C7A5-4376-A066-2A32D752A2FF}</UniqueIdentifier>
      <Extensions>cpp;c;cc;cxx;def;odl;idl;hpj;bat;asm;asmx</Extensions>
    </Filter>
    <Filter Include="Archivos de encabezado">
      <UniqueIdentifier>{93995380-89BD-4b04-88EB-625FBE52EBFB}</UniqueIdentifier>
      <Extensions>h;hh;hpp;hxx;hm;inl;inc;ipp;xsd</Extensions>
    </Filter>
    <Filter Include="Archivos de recursos">
      <UniqueIdentifier>{67DA6AB6-F800-4c08-8B7A-83BB121AAD01}</UniqueIdentifier>
      <Extensions>rc;ico;cur;bmp;dlg;rc2;rct;bin;rgs;gif;jpg;jpeg;jpe;resx;tiff;tif;png;wav;mfcribbon-ms</Extensions>
    </Filter>
    <Filter Include="Objetos">
      <UniqueIdentifier>{ea38d8ea-38ab-4e2f-a64e-7f68d4970cca}</UniqueIdentifier>
    </Filter>
    <Filter Include="Controladores">
      <UniqueIdentifier>{72b55181-53a8-4c2b-b17f-da54533e070a}</UniqueIdentifier>
    </Filter>
  </ItemGroup>
  <ItemGroup>
    <ClCompile Include="EDD_Proyecto1.cpp">
      <Filter>Archivos de origen</Filter>
    </ClCompile>
    <ClCompile Include="arbolavl.cpp">
      <Filter>Objetos</Filter>
    </ClCompile>
    <ClCompile Include="Proyecto.cpp">
      <Filter>Objetos</Filter>
    </ClCompile>
  </ItemGroup>
  <ItemGroup>
    <ClInclude Include="ArbolAVL.h">
      <Filter>Objetos</Filter>
    </ClInclude>
    <ClInclude Include="NodoArbol.h">
      <Filter>Objetos</Filter>
    </ClInclude>
    <ClInclude Include="Proyecto.h">
      <Filter>Objetos</Filter>
    </ClInclude>
  </ItemGroup>
</Project>